
Microsoft Visual Studio Solution File, Format Version 12.00
# Visual Studio Version 16
VisualStudioVersion = 16.0.30804.86
MinimumVisualStudioVersion = 10.0.40219.1
Project("{FAE04EC0-301F-11D3-BF4B-00C04F79EFBC}") = "EstruturaDeComando", "EstruturaDeComando\EstruturaDeComando.csproj", "{75C73DF1-FF12-4962-8C06-790CE6611854}"
EndProject
Global
	GlobalSection(SolutionConfigurationPlatforms) = preSolution
		Debug|Any CPU = Debug|Any CPU
		Release|Any CPU = Release|Any CPU
	EndGlobalSection
	GlobalSection(ProjectConfigurationPlatforms) = postSolution
		{75C73DF1-FF12-4962-8C06-790CE6611854}.Debug|Any CPU.ActiveCfg = Debug|Any CPU
		{75C73DF1-FF12-4962-8C06-790CE6611854}.Debug|Any CPU.Build.0 = Debug|Any CPU
		{75C73DF1-FF12-4962-8C06-790CE6611854}.Release|Any CPU.ActiveCfg = Release|Any CPU
		{75C73DF1-FF12-4962-8C06-790CE6611854}.Release|Any CPU.Build.0 = Release|Any CPU
	EndGlobalSection
	GlobalSection(SolutionProperties) = preSolution
		HideSolutionNode = FALSE
	EndGlobalSection
	GlobalSection(ExtensibilityGlobals) = postSolution
		SolutionGuid = {32CE801C-A093-4C8C-9B82-D90383A71D96}
	EndGlobalSection
EndGlobal
