
Microsoft Visual Studio Solution File, Format Version 12.00
# Visual Studio Version 16
VisualStudioVersion = 16.0.30804.86
MinimumVisualStudioVersion = 10.0.40219.1
Project("{FAE04EC0-301F-11D3-BF4B-00C04F79EFBC}") = "corse", "corse\corse.csproj", "{A5E40B0F-2F97-444F-AC79-209733AA776D}"
EndProject
Global
	GlobalSection(SolutionConfigurationPlatforms) = preSolution
		Debug|Any CPU = Debug|Any CPU
		Release|Any CPU = Release|Any CPU
	EndGlobalSection
	GlobalSection(ProjectConfigurationPlatforms) = postSolution
		{A5E40B0F-2F97-444F-AC79-209733AA776D}.Debug|Any CPU.ActiveCfg = Debug|Any CPU
		{A5E40B0F-2F97-444F-AC79-209733AA776D}.Debug|Any CPU.Build.0 = Debug|Any CPU
		{A5E40B0F-2F97-444F-AC79-209733AA776D}.Release|Any CPU.ActiveCfg = Release|Any CPU
		{A5E40B0F-2F97-444F-AC79-209733AA776D}.Release|Any CPU.Build.0 = Release|Any CPU
	EndGlobalSection
	GlobalSection(SolutionProperties) = preSolution
		HideSolutionNode = FALSE
	EndGlobalSection
	GlobalSection(ExtensibilityGlobals) = postSolution
		SolutionGuid = {72163CD5-605C-43CB-ABFD-C3932D7DA9EB}
	EndGlobalSection
EndGlobal
